
Microsoft Visual Studio Solution File, Format Version 12.00
# Visual Studio Version 16
VisualStudioVersion = 16.0.29025.244
MinimumVisualStudioVersion = 10.0.40219.1
Project("{9A19103F-16F7-4668-BE54-9A1E7A4F7556}") = "VirtoCommerce.OrdersModule.Core", "src\VirtoCommerce.OrdersModule.Core\VirtoCommerce.OrdersModule.Core.csproj", "{4CD63305-A0A3-4687-888F-AF98CECD977D}"
EndProject
Project("{9A19103F-16F7-4668-BE54-9A1E7A4F7556}") = "VirtoCommerce.OrdersModule.Data", "src\VirtoCommerce.OrdersModule.Data\VirtoCommerce.OrdersModule.Data.csproj", "{1ED80257-5850-495A-AD2D-B6563EA48D6B}"
EndProject
Project("{9A19103F-16F7-4668-BE54-9A1E7A4F7556}") = "VirtoCommerce.OrdersModule.Tests", "tests\VirtoCommerce.OrdersModule.Tests\VirtoCommerce.OrdersModule.Tests.csproj", "{157CEAFE-9349-4E3A-9B65-DD3FA583DBBA}"
EndProject
Project("{9A19103F-16F7-4668-BE54-9A1E7A4F7556}") = "VirtoCommerce.OrdersModule.Web", "src\VirtoCommerce.OrdersModule.Web\VirtoCommerce.OrdersModule.Web.csproj", "{00EC072F-A656-441C-9CC2-4BA9490C8809}"
EndProject
Project("{9A19103F-16F7-4668-BE54-9A1E7A4F7556}") = "VirtoCommerce.OrdersModule2.Web", "samples\VirtoCommerce.OrdersModule2.Web\VirtoCommerce.OrdersModule2.Web.csproj", "{1A2186CC-F93D-4269-87C1-371560D4BE62}"
EndProject
Project("{2150E333-8FDC-42A3-9474-1A3956D46DE8}") = "src", "src", "{BFD3CCBE-2CCA-4F9F-889B-88401E00A308}"
EndProject
Project("{2150E333-8FDC-42A3-9474-1A3956D46DE8}") = "tests", "tests", "{57E0491D-6A0D-4040-A95C-2509AAC1024D}"
EndProject
Project("{2150E333-8FDC-42A3-9474-1A3956D46DE8}") = "samples", "samples", "{1EA54EEA-DB8B-43F2-BB85-AEA2977EFBBC}"
EndProject
Global
	GlobalSection(SolutionConfigurationPlatforms) = preSolution
		Debug|Any CPU = Debug|Any CPU
		Release|Any CPU = Release|Any CPU
	EndGlobalSection
	GlobalSection(ProjectConfigurationPlatforms) = postSolution
		{4CD63305-A0A3-4687-888F-AF98CECD977D}.Debug|Any CPU.ActiveCfg = Debug|Any CPU
		{4CD63305-A0A3-4687-888F-AF98CECD977D}.Debug|Any CPU.Build.0 = Debug|Any CPU
		{4CD63305-A0A3-4687-888F-AF98CECD977D}.Release|Any CPU.ActiveCfg = Release|Any CPU
		{4CD63305-A0A3-4687-888F-AF98CECD977D}.Release|Any CPU.Build.0 = Release|Any CPU
		{1ED80257-5850-495A-AD2D-B6563EA48D6B}.Debug|Any CPU.ActiveCfg = Debug|Any CPU
		{1ED80257-5850-495A-AD2D-B6563EA48D6B}.Debug|Any CPU.Build.0 = Debug|Any CPU
		{1ED80257-5850-495A-AD2D-B6563EA48D6B}.Release|Any CPU.ActiveCfg = Release|Any CPU
		{1ED80257-5850-495A-AD2D-B6563EA48D6B}.Release|Any CPU.Build.0 = Release|Any CPU
		{157CEAFE-9349-4E3A-9B65-DD3FA583DBBA}.Debug|Any CPU.ActiveCfg = Debug|Any CPU
		{157CEAFE-9349-4E3A-9B65-DD3FA583DBBA}.Debug|Any CPU.Build.0 = Debug|Any CPU
		{157CEAFE-9349-4E3A-9B65-DD3FA583DBBA}.Release|Any CPU.ActiveCfg = Release|Any CPU
		{157CEAFE-9349-4E3A-9B65-DD3FA583DBBA}.Release|Any CPU.Build.0 = Release|Any CPU
		{00EC072F-A656-441C-9CC2-4BA9490C8809}.Debug|Any CPU.ActiveCfg = Debug|Any CPU
		{00EC072F-A656-441C-9CC2-4BA9490C8809}.Debug|Any CPU.Build.0 = Debug|Any CPU
		{00EC072F-A656-441C-9CC2-4BA9490C8809}.Release|Any CPU.ActiveCfg = Release|Any CPU
		{00EC072F-A656-441C-9CC2-4BA9490C8809}.Release|Any CPU.Build.0 = Release|Any CPU
		{1A2186CC-F93D-4269-87C1-371560D4BE62}.Debug|Any CPU.ActiveCfg = Debug|Any CPU
		{1A2186CC-F93D-4269-87C1-371560D4BE62}.Debug|Any CPU.Build.0 = Debug|Any CPU
		{1A2186CC-F93D-4269-87C1-371560D4BE62}.Release|Any CPU.ActiveCfg = Release|Any CPU
		{1A2186CC-F93D-4269-87C1-371560D4BE62}.Release|Any CPU.Build.0 = Release|Any CPU
	EndGlobalSection
	GlobalSection(SolutionProperties) = preSolution
		HideSolutionNode = FALSE
	EndGlobalSection
	GlobalSection(NestedProjects) = preSolution
		{4CD63305-A0A3-4687-888F-AF98CECD977D} = {BFD3CCBE-2CCA-4F9F-889B-88401E00A308}
		{1ED80257-5850-495A-AD2D-B6563EA48D6B} = {BFD3CCBE-2CCA-4F9F-889B-88401E00A308}
		{157CEAFE-9349-4E3A-9B65-DD3FA583DBBA} = {57E0491D-6A0D-4040-A95C-2509AAC1024D}
		{00EC072F-A656-441C-9CC2-4BA9490C8809} = {BFD3CCBE-2CCA-4F9F-889B-88401E00A308}
		{1A2186CC-F93D-4269-87C1-371560D4BE62} = {1EA54EEA-DB8B-43F2-BB85-AEA2977EFBBC}
	EndGlobalSection
	GlobalSection(ExtensibilityGlobals) = postSolution
		SolutionGuid = {6E9C81FA-AF9E-4ADC-B94E-82CCE91B1041}
	EndGlobalSection
EndGlobal
